
Microsoft Visual Studio Solution File, Format Version 12.00
# Visual Studio Version 17
VisualStudioVersion = 17.9.34701.34
MinimumVisualStudioVersion = 10.0.40219.1
Project("{FAE04EC0-301F-11D3-BF4B-00C04F79EFBC}") = "Vipnet_Asansor", "Vipnet_Asansor\Vipnet_Asansor.csproj", "{2B7F0CF2-FE3D-460E-BE1C-2FB3CCEC81E8}"
EndProject
Project("{FAE04EC0-301F-11D3-BF4B-00C04F79EFBC}") = "BusinessLayer", "BusinessLayer\BusinessLayer.csproj", "{145E42BD-3D7C-4D3E-9057-B09F539529E7}"
EndProject
Project("{FAE04EC0-301F-11D3-BF4B-00C04F79EFBC}") = "DataAccessLayer", "DataAccessLayer\DataAccessLayer.csproj", "{D725B9E3-D37D-4808-A2AA-0D0078A2905E}"
EndProject
Project("{FAE04EC0-301F-11D3-BF4B-00C04F79EFBC}") = "EntityLayer", "EntityLayer\EntityLayer.csproj", "{8817FE2D-B389-40C2-97F9-C362F96B3CEE}"
EndProject
Global
	GlobalSection(SolutionConfigurationPlatforms) = preSolution
		Debug|Any CPU = Debug|Any CPU
		Release|Any CPU = Release|Any CPU
	EndGlobalSection
	GlobalSection(ProjectConfigurationPlatforms) = postSolution
		{2B7F0CF2-FE3D-460E-BE1C-2FB3CCEC81E8}.Debug|Any CPU.ActiveCfg = Debug|Any CPU
		{2B7F0CF2-FE3D-460E-BE1C-2FB3CCEC81E8}.Debug|Any CPU.Build.0 = Debug|Any CPU
		{2B7F0CF2-FE3D-460E-BE1C-2FB3CCEC81E8}.Release|Any CPU.ActiveCfg = Release|Any CPU
		{2B7F0CF2-FE3D-460E-BE1C-2FB3CCEC81E8}.Release|Any CPU.Build.0 = Release|Any CPU
		{145E42BD-3D7C-4D3E-9057-B09F539529E7}.Debug|Any CPU.ActiveCfg = Debug|Any CPU
		{145E42BD-3D7C-4D3E-9057-B09F539529E7}.Debug|Any CPU.Build.0 = Debug|Any CPU
		{145E42BD-3D7C-4D3E-9057-B09F539529E7}.Release|Any CPU.ActiveCfg = Release|Any CPU
		{145E42BD-3D7C-4D3E-9057-B09F539529E7}.Release|Any CPU.Build.0 = Release|Any CPU
		{D725B9E3-D37D-4808-A2AA-0D0078A2905E}.Debug|Any CPU.ActiveCfg = Debug|Any CPU
		{D725B9E3-D37D-4808-A2AA-0D0078A2905E}.Debug|Any CPU.Build.0 = Debug|Any CPU
		{D725B9E3-D37D-4808-A2AA-0D0078A2905E}.Release|Any CPU.ActiveCfg = Release|Any CPU
		{D725B9E3-D37D-4808-A2AA-0D0078A2905E}.Release|Any CPU.Build.0 = Release|Any CPU
		{8817FE2D-B389-40C2-97F9-C362F96B3CEE}.Debug|Any CPU.ActiveCfg = Debug|Any CPU
		{8817FE2D-B389-40C2-97F9-C362F96B3CEE}.Debug|Any CPU.Build.0 = Debug|Any CPU
		{8817FE2D-B389-40C2-97F9-C362F96B3CEE}.Release|Any CPU.ActiveCfg = Release|Any CPU
		{8817FE2D-B389-40C2-97F9-C362F96B3CEE}.Release|Any CPU.Build.0 = Release|Any CPU
	EndGlobalSection
	GlobalSection(SolutionProperties) = preSolution
		HideSolutionNode = FALSE
	EndGlobalSection
	GlobalSection(ExtensibilityGlobals) = postSolution
		SolutionGuid = {32897145-7080-46B1-A23D-341413106433}
	EndGlobalSection
EndGlobal
